
Microsoft Visual Studio Solution File, Format Version 12.00
Project("{2150E333-8FDC-42A3-9474-1A3956D46DE8}") = "2.Server", "2.Server", "{38B8C034-B5C2-4C12-B4DA-5EA2D528F580}"
EndProject
Project("{2150E333-8FDC-42A3-9474-1A3956D46DE8}") = "3.Client", "3.Client", "{0FF66333-6687-4EAE-BA9C-AD1BC26436D1}"
EndProject
Project("{FAE04EC0-301F-11D3-BF4B-00C04F79EFBC}") = "eXtensionSharp", "..\eXtensionSharp\src\eXtensionSharp.csproj", "{98AA4EBB-2E76-4FC3-B3D9-9CE880FBDC4B}"
EndProject
Project("{2150E333-8FDC-42A3-9474-1A3956D46DE8}") = "Share", "Share", "{965ADEE6-1909-4F2B-84C9-E13A2F5B5901}"
EndProject
Project("{2150E333-8FDC-42A3-9474-1A3956D46DE8}") = "1.Share", "1.Share", "{058DDFEA-B1EB-43E4-9AB9-EB4E6BF93DA5}"
EndProject
Project("{2150E333-8FDC-42A3-9474-1A3956D46DE8}") = "Core", "Core", "{BA31D8EA-D0C8-4B75-A027-D94D7C0BCCC6}"
EndProject
Project("{2150E333-8FDC-42A3-9474-1A3956D46DE8}") = "4.BackgroundApplication", "4.BackgroundApplication", "{FD5FCD18-1210-4C08-AFE0-E69AD9D47D6F}"
EndProject
Project("{2150E333-8FDC-42A3-9474-1A3956D46DE8}") = "0.Doc", "0.Doc", "{B143E24E-ED33-45A3-8CCD-49BC21319ABD}"
	ProjectSection(SolutionItems) = preProject
		README.md = README.md
	EndProjectSection
EndProject
Project("{2150E333-8FDC-42A3-9474-1A3956D46DE8}") = "2.Reserve Proxy", "2.Reserve Proxy", "{5D46F96E-1890-4F1C-959E-B431E8CDD475}"
EndProject
Project("{2150E333-8FDC-42A3-9474-1A3956D46DE8}") = "99.SampleApps", "99.SampleApps", "{A323044B-00C6-42CE-A4A6-B208A0E09C9C}"
EndProject
Project("{FAE04EC0-301F-11D3-BF4B-00C04F79EFBC}") = "Application", "src\1.Share\Application\Application.csproj", "{DD4A48AD-CEE0-44C8-93B0-DCE512D2B1F2}"
EndProject
Project("{FAE04EC0-301F-11D3-BF4B-00C04F79EFBC}") = "Domain", "src\1.Share\Domain\Domain.csproj", "{160DAC2F-9133-4544-8697-71B52153E7E6}"
EndProject
Project("{FAE04EC0-301F-11D3-BF4B-00C04F79EFBC}") = "Infrastructure", "src\1.Share\Infrastructure\Infrastructure.csproj", "{920AB6A7-742D-4059-8CF8-6325428C2A7F}"
EndProject
Project("{FAE04EC0-301F-11D3-BF4B-00C04F79EFBC}") = "WebApiApplication", "src\2.Server\WebApiApplication\WebApiApplication.csproj", "{17A8D602-681E-4C39-9AC1-D6F5E1EEB828}"
EndProject
Project("{FAE04EC0-301F-11D3-BF4B-00C04F79EFBC}") = "HelloWorldService", "src\2.Server\1.Service\HelloWorldService\HelloWorldService.csproj", "{F624388A-1345-4FD1-A454-F37C5F934466}"
EndProject
Project("{FAE04EC0-301F-11D3-BF4B-00C04F79EFBC}") = "JUIControlService", "src\2.Server\1.Service\JUIControlService\JUIControlService.csproj", "{A41E8E1A-9711-4328-96ED-125D1C7B0CAB}"
EndProject
Project("{FAE04EC0-301F-11D3-BF4B-00C04F79EFBC}") = "TodoService", "src\2.Server\1.Service\TodoService\TodoService.csproj", "{2A5DCCA6-2808-477C-907B-EA7A2EA9DDBD}"
EndProject
Project("{FAE04EC0-301F-11D3-BF4B-00C04F79EFBC}") = "WeatherForecastService", "src\2.Server\1.Service\WeatherForecastService\WeatherForecastService.csproj", "{EC9656E3-BD95-4500-B8CA-5B1B015288DC}"
EndProject
Project("{FAE04EC0-301F-11D3-BF4B-00C04F79EFBC}") = "WeatherForecastApiApplication", "src\2.Server\2.Project\WeatherForecastApiApplication\WeatherForecastApiApplication.csproj", "{CF570278-7D93-4E06-B61E-457CEAEB4EB3}"
EndProject
Project("{FAE04EC0-301F-11D3-BF4B-00C04F79EFBC}") = "YarpWebApplication", "src\2.Server\3.Proxy\YarpWebApplication\YarpWebApplication.csproj", "{733B284E-359D-46A9-962D-2AEF6D109B06}"
EndProject
Project("{FAE04EC0-301F-11D3-BF4B-00C04F79EFBC}") = "ClientApplication", "src\3.Client\1.Share\ClientApplication\ClientApplication.csproj", "{D6A820AA-33E4-4408-AC9C-BACD2CBB687F}"
EndProject
Project("{FAE04EC0-301F-11D3-BF4B-00C04F79EFBC}") = "BlazorServerApplication", "src\3.Client\BlazorServerApplication\BlazorServerApplication.csproj", "{B65FA255-0BB6-4308-A0EC-5FE8601F1631}"
EndProject
Project("{FAE04EC0-301F-11D3-BF4B-00C04F79EFBC}") = "BlazorWasmApplication", "src\3.Client\BlazorWasmApplication\BlazorWasmApplication.csproj", "{E796AC5E-0D62-416E-87F3-2E1B78A934F5}"
EndProject
Project("{FAE04EC0-301F-11D3-BF4B-00C04F79EFBC}") = "WorkerApplication", "src\4.BackgroundApp\WorkerApplication\WorkerApplication.csproj", "{E9C8ABBD-9862-488B-B4F8-6661CB5017C6}"
EndProject
Project("{FAE04EC0-301F-11D3-BF4B-00C04F79EFBC}") = "SpectreConsoleSample", "src\99.SampleApps\SpectreConsoleSample\SpectreConsoleSample.csproj", "{08857612-91BB-4860-91C1-E920FDE42CC9}"
EndProject
Project("{FAE04EC0-301F-11D3-BF4B-00C04F79EFBC}") = "SpectreConsoleApplication", "src\3.Client\SpectreConsoleApplication\SpectreConsoleApplication.csproj", "{E73EC0BD-B7DB-4AEA-AE1A-35E1850D952A}"
EndProject
Project("{FAE04EC0-301F-11D3-BF4B-00C04F79EFBC}") = "ServiceRunnerSampleApp", "src\99.SampleApps\ServiceRunnerSampleApp\ServiceRunnerSampleApp.csproj", "{1BE25D88-2616-4A21-949E-70A8EC3D6871}"
EndProject
Project("{FAE04EC0-301F-11D3-BF4B-00C04F79EFBC}") = "AvaloniaCrossPlatformApp", "src\3.Client\AvaloniaCrossPlatformApp\AvaloniaCrossPlatformApp\AvaloniaCrossPlatformApp.csproj", "{5F47EDF0-E443-405C-8A79-169A0AB34B89}"
EndProject
Project("{FAE04EC0-301F-11D3-BF4B-00C04F79EFBC}") = "AvaloniaCrossPlatformApp.NetCore", "src\3.Client\AvaloniaCrossPlatformApp\AvaloniaCrossPlatformApp.NetCore\AvaloniaCrossPlatformApp.NetCore.csproj", "{603E1F73-FBFC-49A4-8B7D-56EF16BA014F}"
EndProject
Project("{FAE04EC0-301F-11D3-BF4B-00C04F79EFBC}") = "AvaloniaCrossPlatformApp.Web", "src\3.Client\AvaloniaCrossPlatformApp\AvaloniaCrossPlatformApp.Web\AvaloniaCrossPlatformApp.Web.csproj", "{8ADE0097-9ECA-48E9-8467-4F220207501E}"
EndProject
Project("{FAE04EC0-301F-11D3-BF4B-00C04F79EFBC}") = "InjectionExtension", "src\1.Share\InjectionExtension\InjectionExtension.csproj", "{2DA854B4-7101-4167-A34F-9442EA697FFB}"
EndProject
Project("{FAE04EC0-301F-11D3-BF4B-00C04F79EFBC}") = "JWorker", "src\4.BackgroundApp\JWorker\JWorker.csproj", "{F82C13FB-B893-4E15-8F2D-6184AD780138}"
EndProject
Project("{2150E333-8FDC-42A3-9474-1A3956D46DE8}") = "5.Domain.Service", "5.Domain.Service", "{ACF08DF4-FD12-4C37-AD36-FE13C334EC1D}"
EndProject
Project("{2150E333-8FDC-42A3-9474-1A3956D46DE8}") = "Domain.Service", "Domain.Service", "{45BACF89-9181-485A-B3D1-FF8C464F0148}"
EndProject
Project("{2150E333-8FDC-42A3-9474-1A3956D46DE8}") = "1.Domain.Service.Server", "1.Domain.Service.Server", "{0252BA70-AEA4-46A2-964B-387F5532847E}"
EndProject
Project("{FAE04EC0-301F-11D3-BF4B-00C04F79EFBC}") = "DomainServiceRepoSampleSvc", "src\1.Share\Domain.Service\DomainServiceRepoSampleSvc\DomainServiceRepoSampleSvc.csproj", "{3E4BC40B-F576-4A54-BDE2-BB96CE08BF52}"
EndProject
Project("{FAE04EC0-301F-11D3-BF4B-00C04F79EFBC}") = "SqlQuerySampleApp", "src\99.SampleApps\SqlQuerySampleApp\SqlQuerySampleApp.csproj", "{B2DD2FE7-757F-4F1A-8128-9B8D17B41F4C}"
EndProject
Project("{FAE04EC0-301F-11D3-BF4B-00C04F79EFBC}") = "ChainSample", "src\99.SampleApps\ChainSample\ChainSample.csproj", "{CA55AF8C-6288-462E-9BA1-367D80B7BA21}"
EndProject
Project("{FAE04EC0-301F-11D3-BF4B-00C04F79EFBC}") = "CustomOptionSample", "src\99.SampleApps\CustomOptionSample\CustomOptionSample.csproj", "{72D70B50-3881-4A10-86A7-29B00C3E1E7E}"
EndProject
Project("{2150E333-8FDC-42A3-9474-1A3956D46DE8}") = "98.AgileConfigProject", "98.AgileConfigProject", "{1CAA10AC-0E3B-494B-B018-997A6D27C60E}"
EndProject
Project("{FAE04EC0-301F-11D3-BF4B-00C04F79EFBC}") = "AgileConfigServer", "src\98.AgileConfigProject\AgileConfigServer\AgileConfigServer.csproj", "{F150D131-7864-4467-8A64-E9DC1BF193DC}"
EndProject
Project("{FAE04EC0-301F-11D3-BF4B-00C04F79EFBC}") = "AgileConfigClient", "src\98.AgileConfigProject\AgileConfigClient\AgileConfigClient.csproj", "{341343BC-EA8F-4BEF-97A8-CF803B19B994}"
EndProject
Project("{FAE04EC0-301F-11D3-BF4B-00C04F79EFBC}") = "CompositionSample", "src\99.SampleApps\CompositionSample\CompositionSample.csproj", "{6D454683-7E1B-4A3B-9BD2-D067EAC6B370}"
EndProject
Project("{FAE04EC0-301F-11D3-BF4B-00C04F79EFBC}") = "ImageResize", "src\99.SampleApps\ImageResize\ImageResize.csproj", "{7C21C752-3F03-41DE-9732-327709286827}"
EndProject
Global
	GlobalSection(SolutionConfigurationPlatforms) = preSolution
		Debug|Any CPU = Debug|Any CPU
		Release|Any CPU = Release|Any CPU
	EndGlobalSection
	GlobalSection(ProjectConfigurationPlatforms) = postSolution
		{98AA4EBB-2E76-4FC3-B3D9-9CE880FBDC4B}.Debug|Any CPU.ActiveCfg = Debug|Any CPU
		{98AA4EBB-2E76-4FC3-B3D9-9CE880FBDC4B}.Debug|Any CPU.Build.0 = Debug|Any CPU
		{98AA4EBB-2E76-4FC3-B3D9-9CE880FBDC4B}.Release|Any CPU.ActiveCfg = Release|Any CPU
		{98AA4EBB-2E76-4FC3-B3D9-9CE880FBDC4B}.Release|Any CPU.Build.0 = Release|Any CPU
		{DD4A48AD-CEE0-44C8-93B0-DCE512D2B1F2}.Debug|Any CPU.ActiveCfg = Debug|Any CPU
		{DD4A48AD-CEE0-44C8-93B0-DCE512D2B1F2}.Debug|Any CPU.Build.0 = Debug|Any CPU
		{DD4A48AD-CEE0-44C8-93B0-DCE512D2B1F2}.Release|Any CPU.ActiveCfg = Release|Any CPU
		{DD4A48AD-CEE0-44C8-93B0-DCE512D2B1F2}.Release|Any CPU.Build.0 = Release|Any CPU
		{160DAC2F-9133-4544-8697-71B52153E7E6}.Debug|Any CPU.ActiveCfg = Debug|Any CPU
		{160DAC2F-9133-4544-8697-71B52153E7E6}.Debug|Any CPU.Build.0 = Debug|Any CPU
		{160DAC2F-9133-4544-8697-71B52153E7E6}.Release|Any CPU.ActiveCfg = Release|Any CPU
		{160DAC2F-9133-4544-8697-71B52153E7E6}.Release|Any CPU.Build.0 = Release|Any CPU
		{920AB6A7-742D-4059-8CF8-6325428C2A7F}.Debug|Any CPU.ActiveCfg = Debug|Any CPU
		{920AB6A7-742D-4059-8CF8-6325428C2A7F}.Debug|Any CPU.Build.0 = Debug|Any CPU
		{920AB6A7-742D-4059-8CF8-6325428C2A7F}.Release|Any CPU.ActiveCfg = Release|Any CPU
		{920AB6A7-742D-4059-8CF8-6325428C2A7F}.Release|Any CPU.Build.0 = Release|Any CPU
		{17A8D602-681E-4C39-9AC1-D6F5E1EEB828}.Debug|Any CPU.ActiveCfg = Debug|Any CPU
		{17A8D602-681E-4C39-9AC1-D6F5E1EEB828}.Debug|Any CPU.Build.0 = Debug|Any CPU
		{17A8D602-681E-4C39-9AC1-D6F5E1EEB828}.Release|Any CPU.ActiveCfg = Release|Any CPU
		{17A8D602-681E-4C39-9AC1-D6F5E1EEB828}.Release|Any CPU.Build.0 = Release|Any CPU
		{F624388A-1345-4FD1-A454-F37C5F934466}.Debug|Any CPU.ActiveCfg = Debug|Any CPU
		{F624388A-1345-4FD1-A454-F37C5F934466}.Debug|Any CPU.Build.0 = Debug|Any CPU
		{F624388A-1345-4FD1-A454-F37C5F934466}.Release|Any CPU.ActiveCfg = Release|Any CPU
		{F624388A-1345-4FD1-A454-F37C5F934466}.Release|Any CPU.Build.0 = Release|Any CPU
		{A41E8E1A-9711-4328-96ED-125D1C7B0CAB}.Debug|Any CPU.ActiveCfg = Debug|Any CPU
		{A41E8E1A-9711-4328-96ED-125D1C7B0CAB}.Debug|Any CPU.Build.0 = Debug|Any CPU
		{A41E8E1A-9711-4328-96ED-125D1C7B0CAB}.Release|Any CPU.ActiveCfg = Release|Any CPU
		{A41E8E1A-9711-4328-96ED-125D1C7B0CAB}.Release|Any CPU.Build.0 = Release|Any CPU
		{2A5DCCA6-2808-477C-907B-EA7A2EA9DDBD}.Debug|Any CPU.ActiveCfg = Debug|Any CPU
		{2A5DCCA6-2808-477C-907B-EA7A2EA9DDBD}.Debug|Any CPU.Build.0 = Debug|Any CPU
		{2A5DCCA6-2808-477C-907B-EA7A2EA9DDBD}.Release|Any CPU.ActiveCfg = Release|Any CPU
		{2A5DCCA6-2808-477C-907B-EA7A2EA9DDBD}.Release|Any CPU.Build.0 = Release|Any CPU
		{EC9656E3-BD95-4500-B8CA-5B1B015288DC}.Debug|Any CPU.ActiveCfg = Debug|Any CPU
		{EC9656E3-BD95-4500-B8CA-5B1B015288DC}.Debug|Any CPU.Build.0 = Debug|Any CPU
		{EC9656E3-BD95-4500-B8CA-5B1B015288DC}.Release|Any CPU.ActiveCfg = Release|Any CPU
		{EC9656E3-BD95-4500-B8CA-5B1B015288DC}.Release|Any CPU.Build.0 = Release|Any CPU
		{CF570278-7D93-4E06-B61E-457CEAEB4EB3}.Debug|Any CPU.ActiveCfg = Debug|Any CPU
		{CF570278-7D93-4E06-B61E-457CEAEB4EB3}.Debug|Any CPU.Build.0 = Debug|Any CPU
		{CF570278-7D93-4E06-B61E-457CEAEB4EB3}.Release|Any CPU.ActiveCfg = Release|Any CPU
		{CF570278-7D93-4E06-B61E-457CEAEB4EB3}.Release|Any CPU.Build.0 = Release|Any CPU
		{733B284E-359D-46A9-962D-2AEF6D109B06}.Debug|Any CPU.ActiveCfg = Debug|Any CPU
		{733B284E-359D-46A9-962D-2AEF6D109B06}.Debug|Any CPU.Build.0 = Debug|Any CPU
		{733B284E-359D-46A9-962D-2AEF6D109B06}.Release|Any CPU.ActiveCfg = Release|Any CPU
		{733B284E-359D-46A9-962D-2AEF6D109B06}.Release|Any CPU.Build.0 = Release|Any CPU
		{D6A820AA-33E4-4408-AC9C-BACD2CBB687F}.Debug|Any CPU.ActiveCfg = Debug|Any CPU
		{D6A820AA-33E4-4408-AC9C-BACD2CBB687F}.Debug|Any CPU.Build.0 = Debug|Any CPU
		{D6A820AA-33E4-4408-AC9C-BACD2CBB687F}.Release|Any CPU.ActiveCfg = Release|Any CPU
		{D6A820AA-33E4-4408-AC9C-BACD2CBB687F}.Release|Any CPU.Build.0 = Release|Any CPU
		{B65FA255-0BB6-4308-A0EC-5FE8601F1631}.Debug|Any CPU.ActiveCfg = Debug|Any CPU
		{B65FA255-0BB6-4308-A0EC-5FE8601F1631}.Debug|Any CPU.Build.0 = Debug|Any CPU
		{B65FA255-0BB6-4308-A0EC-5FE8601F1631}.Release|Any CPU.ActiveCfg = Release|Any CPU
		{B65FA255-0BB6-4308-A0EC-5FE8601F1631}.Release|Any CPU.Build.0 = Release|Any CPU
		{E796AC5E-0D62-416E-87F3-2E1B78A934F5}.Debug|Any CPU.ActiveCfg = Debug|Any CPU
		{E796AC5E-0D62-416E-87F3-2E1B78A934F5}.Debug|Any CPU.Build.0 = Debug|Any CPU
		{E796AC5E-0D62-416E-87F3-2E1B78A934F5}.Release|Any CPU.ActiveCfg = Release|Any CPU
		{E796AC5E-0D62-416E-87F3-2E1B78A934F5}.Release|Any CPU.Build.0 = Release|Any CPU
		{E9C8ABBD-9862-488B-B4F8-6661CB5017C6}.Debug|Any CPU.ActiveCfg = Debug|Any CPU
		{E9C8ABBD-9862-488B-B4F8-6661CB5017C6}.Debug|Any CPU.Build.0 = Debug|Any CPU
		{E9C8ABBD-9862-488B-B4F8-6661CB5017C6}.Release|Any CPU.ActiveCfg = Release|Any CPU
		{E9C8ABBD-9862-488B-B4F8-6661CB5017C6}.Release|Any CPU.Build.0 = Release|Any CPU
		{08857612-91BB-4860-91C1-E920FDE42CC9}.Debug|Any CPU.ActiveCfg = Debug|Any CPU
		{08857612-91BB-4860-91C1-E920FDE42CC9}.Debug|Any CPU.Build.0 = Debug|Any CPU
		{08857612-91BB-4860-91C1-E920FDE42CC9}.Release|Any CPU.ActiveCfg = Release|Any CPU
		{08857612-91BB-4860-91C1-E920FDE42CC9}.Release|Any CPU.Build.0 = Release|Any CPU
		{E73EC0BD-B7DB-4AEA-AE1A-35E1850D952A}.Debug|Any CPU.ActiveCfg = Debug|Any CPU
		{E73EC0BD-B7DB-4AEA-AE1A-35E1850D952A}.Debug|Any CPU.Build.0 = Debug|Any CPU
		{E73EC0BD-B7DB-4AEA-AE1A-35E1850D952A}.Release|Any CPU.ActiveCfg = Release|Any CPU
		{E73EC0BD-B7DB-4AEA-AE1A-35E1850D952A}.Release|Any CPU.Build.0 = Release|Any CPU
		{1BE25D88-2616-4A21-949E-70A8EC3D6871}.Debug|Any CPU.ActiveCfg = Debug|Any CPU
		{1BE25D88-2616-4A21-949E-70A8EC3D6871}.Debug|Any CPU.Build.0 = Debug|Any CPU
		{1BE25D88-2616-4A21-949E-70A8EC3D6871}.Release|Any CPU.ActiveCfg = Release|Any CPU
		{1BE25D88-2616-4A21-949E-70A8EC3D6871}.Release|Any CPU.Build.0 = Release|Any CPU
		{5F47EDF0-E443-405C-8A79-169A0AB34B89}.Debug|Any CPU.ActiveCfg = Debug|Any CPU
		{5F47EDF0-E443-405C-8A79-169A0AB34B89}.Debug|Any CPU.Build.0 = Debug|Any CPU
		{5F47EDF0-E443-405C-8A79-169A0AB34B89}.Release|Any CPU.ActiveCfg = Release|Any CPU
		{5F47EDF0-E443-405C-8A79-169A0AB34B89}.Release|Any CPU.Build.0 = Release|Any CPU
		{603E1F73-FBFC-49A4-8B7D-56EF16BA014F}.Debug|Any CPU.ActiveCfg = Debug|Any CPU
		{603E1F73-FBFC-49A4-8B7D-56EF16BA014F}.Debug|Any CPU.Build.0 = Debug|Any CPU
		{603E1F73-FBFC-49A4-8B7D-56EF16BA014F}.Release|Any CPU.ActiveCfg = Release|Any CPU
		{603E1F73-FBFC-49A4-8B7D-56EF16BA014F}.Release|Any CPU.Build.0 = Release|Any CPU
		{8ADE0097-9ECA-48E9-8467-4F220207501E}.Debug|Any CPU.ActiveCfg = Debug|Any CPU
		{8ADE0097-9ECA-48E9-8467-4F220207501E}.Debug|Any CPU.Build.0 = Debug|Any CPU
		{8ADE0097-9ECA-48E9-8467-4F220207501E}.Release|Any CPU.ActiveCfg = Release|Any CPU
		{8ADE0097-9ECA-48E9-8467-4F220207501E}.Release|Any CPU.Build.0 = Release|Any CPU
		{2DA854B4-7101-4167-A34F-9442EA697FFB}.Debug|Any CPU.ActiveCfg = Debug|Any CPU
		{2DA854B4-7101-4167-A34F-9442EA697FFB}.Debug|Any CPU.Build.0 = Debug|Any CPU
		{2DA854B4-7101-4167-A34F-9442EA697FFB}.Release|Any CPU.ActiveCfg = Release|Any CPU
		{2DA854B4-7101-4167-A34F-9442EA697FFB}.Release|Any CPU.Build.0 = Release|Any CPU
		{F82C13FB-B893-4E15-8F2D-6184AD780138}.Debug|Any CPU.ActiveCfg = Debug|Any CPU
		{F82C13FB-B893-4E15-8F2D-6184AD780138}.Debug|Any CPU.Build.0 = Debug|Any CPU
		{F82C13FB-B893-4E15-8F2D-6184AD780138}.Release|Any CPU.ActiveCfg = Release|Any CPU
		{F82C13FB-B893-4E15-8F2D-6184AD780138}.Release|Any CPU.Build.0 = Release|Any CPU
		{3E4BC40B-F576-4A54-BDE2-BB96CE08BF52}.Debug|Any CPU.ActiveCfg = Debug|Any CPU
		{3E4BC40B-F576-4A54-BDE2-BB96CE08BF52}.Debug|Any CPU.Build.0 = Debug|Any CPU
		{3E4BC40B-F576-4A54-BDE2-BB96CE08BF52}.Release|Any CPU.ActiveCfg = Release|Any CPU
		{3E4BC40B-F576-4A54-BDE2-BB96CE08BF52}.Release|Any CPU.Build.0 = Release|Any CPU
		{B2DD2FE7-757F-4F1A-8128-9B8D17B41F4C}.Debug|Any CPU.ActiveCfg = Debug|Any CPU
		{B2DD2FE7-757F-4F1A-8128-9B8D17B41F4C}.Debug|Any CPU.Build.0 = Debug|Any CPU
		{B2DD2FE7-757F-4F1A-8128-9B8D17B41F4C}.Release|Any CPU.ActiveCfg = Release|Any CPU
		{B2DD2FE7-757F-4F1A-8128-9B8D17B41F4C}.Release|Any CPU.Build.0 = Release|Any CPU
		{CA55AF8C-6288-462E-9BA1-367D80B7BA21}.Debug|Any CPU.ActiveCfg = Debug|Any CPU
		{CA55AF8C-6288-462E-9BA1-367D80B7BA21}.Debug|Any CPU.Build.0 = Debug|Any CPU
		{CA55AF8C-6288-462E-9BA1-367D80B7BA21}.Release|Any CPU.ActiveCfg = Release|Any CPU
		{CA55AF8C-6288-462E-9BA1-367D80B7BA21}.Release|Any CPU.Build.0 = Release|Any CPU
		{72D70B50-3881-4A10-86A7-29B00C3E1E7E}.Debug|Any CPU.ActiveCfg = Debug|Any CPU
		{72D70B50-3881-4A10-86A7-29B00C3E1E7E}.Debug|Any CPU.Build.0 = Debug|Any CPU
		{72D70B50-3881-4A10-86A7-29B00C3E1E7E}.Release|Any CPU.ActiveCfg = Release|Any CPU
		{72D70B50-3881-4A10-86A7-29B00C3E1E7E}.Release|Any CPU.Build.0 = Release|Any CPU
		{F150D131-7864-4467-8A64-E9DC1BF193DC}.Debug|Any CPU.ActiveCfg = Debug|Any CPU
		{F150D131-7864-4467-8A64-E9DC1BF193DC}.Debug|Any CPU.Build.0 = Debug|Any CPU
		{F150D131-7864-4467-8A64-E9DC1BF193DC}.Release|Any CPU.ActiveCfg = Release|Any CPU
		{F150D131-7864-4467-8A64-E9DC1BF193DC}.Release|Any CPU.Build.0 = Release|Any CPU
		{341343BC-EA8F-4BEF-97A8-CF803B19B994}.Debug|Any CPU.ActiveCfg = Debug|Any CPU
		{341343BC-EA8F-4BEF-97A8-CF803B19B994}.Debug|Any CPU.Build.0 = Debug|Any CPU
		{341343BC-EA8F-4BEF-97A8-CF803B19B994}.Release|Any CPU.ActiveCfg = Release|Any CPU
		{341343BC-EA8F-4BEF-97A8-CF803B19B994}.Release|Any CPU.Build.0 = Release|Any CPU
		{6D454683-7E1B-4A3B-9BD2-D067EAC6B370}.Debug|Any CPU.ActiveCfg = Debug|Any CPU
		{6D454683-7E1B-4A3B-9BD2-D067EAC6B370}.Debug|Any CPU.Build.0 = Debug|Any CPU
		{6D454683-7E1B-4A3B-9BD2-D067EAC6B370}.Release|Any CPU.ActiveCfg = Release|Any CPU
		{6D454683-7E1B-4A3B-9BD2-D067EAC6B370}.Release|Any CPU.Build.0 = Release|Any CPU
		{7C21C752-3F03-41DE-9732-327709286827}.Debug|Any CPU.ActiveCfg = Debug|Any CPU
		{7C21C752-3F03-41DE-9732-327709286827}.Debug|Any CPU.Build.0 = Debug|Any CPU
		{7C21C752-3F03-41DE-9732-327709286827}.Release|Any CPU.ActiveCfg = Release|Any CPU
		{7C21C752-3F03-41DE-9732-327709286827}.Release|Any CPU.Build.0 = Release|Any CPU
	EndGlobalSection
	GlobalSection(NestedProjects) = preSolution
		{965ADEE6-1909-4F2B-84C9-E13A2F5B5901} = {0FF66333-6687-4EAE-BA9C-AD1BC26436D1}
		{BA31D8EA-D0C8-4B75-A027-D94D7C0BCCC6} = {058DDFEA-B1EB-43E4-9AB9-EB4E6BF93DA5}
		{98AA4EBB-2E76-4FC3-B3D9-9CE880FBDC4B} = {BA31D8EA-D0C8-4B75-A027-D94D7C0BCCC6}
		{B143E24E-ED33-45A3-8CCD-49BC21319ABD} = {38B8C034-B5C2-4C12-B4DA-5EA2D528F580}
		{5D46F96E-1890-4F1C-959E-B431E8CDD475} = {38B8C034-B5C2-4C12-B4DA-5EA2D528F580}
		{D87FCCE2-4C00-4E36-885B-DDC72B1850E0} = {A323044B-00C6-42CE-A4A6-B208A0E09C9C}
		{5B5E8B8C-3D7B-4E78-BB4E-C5EB61E41450} = {A323044B-00C6-42CE-A4A6-B208A0E09C9C}
		{DD4A48AD-CEE0-44C8-93B0-DCE512D2B1F2} = {BA31D8EA-D0C8-4B75-A027-D94D7C0BCCC6}
		{160DAC2F-9133-4544-8697-71B52153E7E6} = {BA31D8EA-D0C8-4B75-A027-D94D7C0BCCC6}
		{920AB6A7-742D-4059-8CF8-6325428C2A7F} = {BA31D8EA-D0C8-4B75-A027-D94D7C0BCCC6}
		{17A8D602-681E-4C39-9AC1-D6F5E1EEB828} = {38B8C034-B5C2-4C12-B4DA-5EA2D528F580}
		{733B284E-359D-46A9-962D-2AEF6D109B06} = {5D46F96E-1890-4F1C-959E-B431E8CDD475}
		{D6A820AA-33E4-4408-AC9C-BACD2CBB687F} = {965ADEE6-1909-4F2B-84C9-E13A2F5B5901}
		{B65FA255-0BB6-4308-A0EC-5FE8601F1631} = {0FF66333-6687-4EAE-BA9C-AD1BC26436D1}
		{E796AC5E-0D62-416E-87F3-2E1B78A934F5} = {0FF66333-6687-4EAE-BA9C-AD1BC26436D1}
		{E9C8ABBD-9862-488B-B4F8-6661CB5017C6} = {FD5FCD18-1210-4C08-AFE0-E69AD9D47D6F}
		{08857612-91BB-4860-91C1-E920FDE42CC9} = {A323044B-00C6-42CE-A4A6-B208A0E09C9C}
		{E73EC0BD-B7DB-4AEA-AE1A-35E1850D952A} = {0FF66333-6687-4EAE-BA9C-AD1BC26436D1}
		{1BE25D88-2616-4A21-949E-70A8EC3D6871} = {A323044B-00C6-42CE-A4A6-B208A0E09C9C}
		{5F47EDF0-E443-405C-8A79-169A0AB34B89} = {0FF66333-6687-4EAE-BA9C-AD1BC26436D1}
		{603E1F73-FBFC-49A4-8B7D-56EF16BA014F} = {0FF66333-6687-4EAE-BA9C-AD1BC26436D1}
		{8ADE0097-9ECA-48E9-8467-4F220207501E} = {0FF66333-6687-4EAE-BA9C-AD1BC26436D1}
		{2DA854B4-7101-4167-A34F-9442EA697FFB} = {BA31D8EA-D0C8-4B75-A027-D94D7C0BCCC6}
		{F82C13FB-B893-4E15-8F2D-6184AD780138} = {FD5FCD18-1210-4C08-AFE0-E69AD9D47D6F}
		{45BACF89-9181-485A-B3D1-FF8C464F0148} = {058DDFEA-B1EB-43E4-9AB9-EB4E6BF93DA5}
		{F624388A-1345-4FD1-A454-F37C5F934466} = {45BACF89-9181-485A-B3D1-FF8C464F0148}
		{A41E8E1A-9711-4328-96ED-125D1C7B0CAB} = {45BACF89-9181-485A-B3D1-FF8C464F0148}
		{2A5DCCA6-2808-477C-907B-EA7A2EA9DDBD} = {45BACF89-9181-485A-B3D1-FF8C464F0148}
		{EC9656E3-BD95-4500-B8CA-5B1B015288DC} = {45BACF89-9181-485A-B3D1-FF8C464F0148}
		{0252BA70-AEA4-46A2-964B-387F5532847E} = {38B8C034-B5C2-4C12-B4DA-5EA2D528F580}
		{CF570278-7D93-4E06-B61E-457CEAEB4EB3} = {0252BA70-AEA4-46A2-964B-387F5532847E}
		{3E4BC40B-F576-4A54-BDE2-BB96CE08BF52} = {45BACF89-9181-485A-B3D1-FF8C464F0148}
		{B2DD2FE7-757F-4F1A-8128-9B8D17B41F4C} = {A323044B-00C6-42CE-A4A6-B208A0E09C9C}
		{CA55AF8C-6288-462E-9BA1-367D80B7BA21} = {A323044B-00C6-42CE-A4A6-B208A0E09C9C}
		{72D70B50-3881-4A10-86A7-29B00C3E1E7E} = {A323044B-00C6-42CE-A4A6-B208A0E09C9C}
		{F150D131-7864-4467-8A64-E9DC1BF193DC} = {1CAA10AC-0E3B-494B-B018-997A6D27C60E}
		{341343BC-EA8F-4BEF-97A8-CF803B19B994} = {1CAA10AC-0E3B-494B-B018-997A6D27C60E}
		{6D454683-7E1B-4A3B-9BD2-D067EAC6B370} = {A323044B-00C6-42CE-A4A6-B208A0E09C9C}
		{7C21C752-3F03-41DE-9732-327709286827} = {A323044B-00C6-42CE-A4A6-B208A0E09C9C}
	EndGlobalSection
EndGlobal
