
Microsoft Visual Studio Solution File, Format Version 12.00
Project("{FAE04EC0-301F-11D3-BF4B-00C04F79EFBC}") = "WebApiApplication", "WebApiApplication\WebApiApplication.csproj", "{99952483-50FD-41F3-8A6F-160F84C97E0B}"
EndProject
Project("{FAE04EC0-301F-11D3-BF4B-00C04F79EFBC}") = "BlazorServerApplication", "BlazorServerApplication\BlazorServerApplication.csproj", "{77D2EA15-D9AA-4C4A-A22D-EC558FA057A6}"
EndProject
Project("{FAE04EC0-301F-11D3-BF4B-00C04F79EFBC}") = "Application", "Application\Application.csproj", "{5FE07B1A-57F7-46FC-AAB7-5C4CAF43A36C}"
EndProject
Project("{FAE04EC0-301F-11D3-BF4B-00C04F79EFBC}") = "ClientApplication.Service", "ClientApplication.Service\ClientApplication.Service.csproj", "{401234A6-C79F-49AC-8AFB-A5790D2A71C5}"
EndProject
Project("{2150E333-8FDC-42A3-9474-1A3956D46DE8}") = "2.Server", "2.Server", "{38B8C034-B5C2-4C12-B4DA-5EA2D528F580}"
EndProject
Project("{2150E333-8FDC-42A3-9474-1A3956D46DE8}") = "3.Client", "3.Client", "{0FF66333-6687-4EAE-BA9C-AD1BC26436D1}"
EndProject
Project("{FAE04EC0-301F-11D3-BF4B-00C04F79EFBC}") = "eXtensionSharp", "..\eXtensionSharp\src\eXtensionSharp.csproj", "{98AA4EBB-2E76-4FC3-B3D9-9CE880FBDC4B}"
EndProject
Project("{FAE04EC0-301F-11D3-BF4B-00C04F79EFBC}") = "BlazorWasmApplication", "BlazorWasmApplication\BlazorWasmApplication.csproj", "{B91B6A4A-6312-4E59-A716-58F027841319}"
EndProject
Project("{2150E333-8FDC-42A3-9474-1A3956D46DE8}") = "Share", "Share", "{965ADEE6-1909-4F2B-84C9-E13A2F5B5901}"
EndProject
Project("{FAE04EC0-301F-11D3-BF4B-00C04F79EFBC}") = "ClientApplication.ViewModel", "ClientApplication.ViewModel\ClientApplication.ViewModel.csproj", "{936EB8E9-5A1B-482F-BA22-F9B16DE36381}"
EndProject
Project("{2150E333-8FDC-42A3-9474-1A3956D46DE8}") = "1.Share", "1.Share", "{058DDFEA-B1EB-43E4-9AB9-EB4E6BF93DA5}"
EndProject
Project("{FAE04EC0-301F-11D3-BF4B-00C04F79EFBC}") = "ClientApplication.Injector", "ClientApplication.Injector\ClientApplication.Injector.csproj", "{11016825-F9F2-4CFA-9051-14EA1546DCD8}"
EndProject
Project("{FAE04EC0-301F-11D3-BF4B-00C04F79EFBC}") = "Domain", "Domain\Domain.csproj", "{F2C62A59-9653-411A-A510-9DADF9C98491}"
EndProject
Project("{FAE04EC0-301F-11D3-BF4B-00C04F79EFBC}") = "Infrastructure", "Infrastructure\Infrastructure.csproj", "{CD6ACA71-55B4-4798-9666-85D81F1D4F9D}"
EndProject
Project("{2150E333-8FDC-42A3-9474-1A3956D46DE8}") = "Core", "Core", "{BA31D8EA-D0C8-4B75-A027-D94D7C0BCCC6}"
EndProject
Project("{2150E333-8FDC-42A3-9474-1A3956D46DE8}") = "Project", "Project", "{DC1D394A-0F8D-4504-9103-C3FA62B4BB71}"
EndProject
Project("{FAE04EC0-301F-11D3-BF4B-00C04F79EFBC}") = "WeatherForecastApplication", "WeatherForecastApplication\WeatherForecastApplication.csproj", "{8DF99CCC-E129-4E8E-8EB2-F8CD3A2B9F93}"
EndProject
Project("{FAE04EC0-301F-11D3-BF4B-00C04F79EFBC}") = "WeatherForecastApiApplication", "WeatherForecastApiApplication\WeatherForecastApiApplication.csproj", "{DA54764E-6C7C-43E1-BDDB-7F4EA43E3D31}"
EndProject
Project("{2150E333-8FDC-42A3-9474-1A3956D46DE8}") = "Project", "Project", "{C733CFA6-B081-448A-8417-4E2F09C62041}"
EndProject
Project("{FAE04EC0-301F-11D3-BF4B-00C04F79EFBC}") = "HelloWorldApplication", "HelloWorldApplication\HelloWorldApplication.csproj", "{1C735D4C-571D-468D-B3C3-5BC339BAD4C2}"
EndProject
Project("{FAE04EC0-301F-11D3-BF4B-00C04F79EFBC}") = "TodoApplication", "TodoApplication\TodoApplication.csproj", "{7C6EE561-EE91-4815-836B-19BBB1E937F0}"
EndProject
Project("{FAE04EC0-301F-11D3-BF4B-00C04F79EFBC}") = "YarpWebApplication", "YarpWebApplication\YarpWebApplication.csproj", "{237B71DB-41FE-4E12-B2A0-1285C4B95C4D}"
EndProject
Global
	GlobalSection(SolutionConfigurationPlatforms) = preSolution
		Debug|Any CPU = Debug|Any CPU
		Release|Any CPU = Release|Any CPU
	EndGlobalSection
	GlobalSection(ProjectConfigurationPlatforms) = postSolution
		{99952483-50FD-41F3-8A6F-160F84C97E0B}.Debug|Any CPU.ActiveCfg = Debug|Any CPU
		{99952483-50FD-41F3-8A6F-160F84C97E0B}.Debug|Any CPU.Build.0 = Debug|Any CPU
		{99952483-50FD-41F3-8A6F-160F84C97E0B}.Release|Any CPU.ActiveCfg = Release|Any CPU
		{99952483-50FD-41F3-8A6F-160F84C97E0B}.Release|Any CPU.Build.0 = Release|Any CPU
		{77D2EA15-D9AA-4C4A-A22D-EC558FA057A6}.Debug|Any CPU.ActiveCfg = Debug|Any CPU
		{77D2EA15-D9AA-4C4A-A22D-EC558FA057A6}.Debug|Any CPU.Build.0 = Debug|Any CPU
		{77D2EA15-D9AA-4C4A-A22D-EC558FA057A6}.Release|Any CPU.ActiveCfg = Release|Any CPU
		{77D2EA15-D9AA-4C4A-A22D-EC558FA057A6}.Release|Any CPU.Build.0 = Release|Any CPU
		{5FE07B1A-57F7-46FC-AAB7-5C4CAF43A36C}.Debug|Any CPU.ActiveCfg = Debug|Any CPU
		{5FE07B1A-57F7-46FC-AAB7-5C4CAF43A36C}.Debug|Any CPU.Build.0 = Debug|Any CPU
		{5FE07B1A-57F7-46FC-AAB7-5C4CAF43A36C}.Release|Any CPU.ActiveCfg = Release|Any CPU
		{5FE07B1A-57F7-46FC-AAB7-5C4CAF43A36C}.Release|Any CPU.Build.0 = Release|Any CPU
		{401234A6-C79F-49AC-8AFB-A5790D2A71C5}.Debug|Any CPU.ActiveCfg = Debug|Any CPU
		{401234A6-C79F-49AC-8AFB-A5790D2A71C5}.Debug|Any CPU.Build.0 = Debug|Any CPU
		{401234A6-C79F-49AC-8AFB-A5790D2A71C5}.Release|Any CPU.ActiveCfg = Release|Any CPU
		{401234A6-C79F-49AC-8AFB-A5790D2A71C5}.Release|Any CPU.Build.0 = Release|Any CPU
		{98AA4EBB-2E76-4FC3-B3D9-9CE880FBDC4B}.Debug|Any CPU.ActiveCfg = Debug|Any CPU
		{98AA4EBB-2E76-4FC3-B3D9-9CE880FBDC4B}.Debug|Any CPU.Build.0 = Debug|Any CPU
		{98AA4EBB-2E76-4FC3-B3D9-9CE880FBDC4B}.Release|Any CPU.ActiveCfg = Release|Any CPU
		{98AA4EBB-2E76-4FC3-B3D9-9CE880FBDC4B}.Release|Any CPU.Build.0 = Release|Any CPU
		{B91B6A4A-6312-4E59-A716-58F027841319}.Debug|Any CPU.ActiveCfg = Debug|Any CPU
		{B91B6A4A-6312-4E59-A716-58F027841319}.Debug|Any CPU.Build.0 = Debug|Any CPU
		{B91B6A4A-6312-4E59-A716-58F027841319}.Release|Any CPU.ActiveCfg = Release|Any CPU
		{B91B6A4A-6312-4E59-A716-58F027841319}.Release|Any CPU.Build.0 = Release|Any CPU
		{936EB8E9-5A1B-482F-BA22-F9B16DE36381}.Debug|Any CPU.ActiveCfg = Debug|Any CPU
		{936EB8E9-5A1B-482F-BA22-F9B16DE36381}.Debug|Any CPU.Build.0 = Debug|Any CPU
		{936EB8E9-5A1B-482F-BA22-F9B16DE36381}.Release|Any CPU.ActiveCfg = Release|Any CPU
		{936EB8E9-5A1B-482F-BA22-F9B16DE36381}.Release|Any CPU.Build.0 = Release|Any CPU
		{11016825-F9F2-4CFA-9051-14EA1546DCD8}.Debug|Any CPU.ActiveCfg = Debug|Any CPU
		{11016825-F9F2-4CFA-9051-14EA1546DCD8}.Debug|Any CPU.Build.0 = Debug|Any CPU
		{11016825-F9F2-4CFA-9051-14EA1546DCD8}.Release|Any CPU.ActiveCfg = Release|Any CPU
		{11016825-F9F2-4CFA-9051-14EA1546DCD8}.Release|Any CPU.Build.0 = Release|Any CPU
		{F2C62A59-9653-411A-A510-9DADF9C98491}.Debug|Any CPU.ActiveCfg = Debug|Any CPU
		{F2C62A59-9653-411A-A510-9DADF9C98491}.Debug|Any CPU.Build.0 = Debug|Any CPU
		{F2C62A59-9653-411A-A510-9DADF9C98491}.Release|Any CPU.ActiveCfg = Release|Any CPU
		{F2C62A59-9653-411A-A510-9DADF9C98491}.Release|Any CPU.Build.0 = Release|Any CPU
		{CD6ACA71-55B4-4798-9666-85D81F1D4F9D}.Debug|Any CPU.ActiveCfg = Debug|Any CPU
		{CD6ACA71-55B4-4798-9666-85D81F1D4F9D}.Debug|Any CPU.Build.0 = Debug|Any CPU
		{CD6ACA71-55B4-4798-9666-85D81F1D4F9D}.Release|Any CPU.ActiveCfg = Release|Any CPU
		{CD6ACA71-55B4-4798-9666-85D81F1D4F9D}.Release|Any CPU.Build.0 = Release|Any CPU
		{8DF99CCC-E129-4E8E-8EB2-F8CD3A2B9F93}.Debug|Any CPU.ActiveCfg = Debug|Any CPU
		{8DF99CCC-E129-4E8E-8EB2-F8CD3A2B9F93}.Debug|Any CPU.Build.0 = Debug|Any CPU
		{8DF99CCC-E129-4E8E-8EB2-F8CD3A2B9F93}.Release|Any CPU.ActiveCfg = Release|Any CPU
		{8DF99CCC-E129-4E8E-8EB2-F8CD3A2B9F93}.Release|Any CPU.Build.0 = Release|Any CPU
		{DA54764E-6C7C-43E1-BDDB-7F4EA43E3D31}.Debug|Any CPU.ActiveCfg = Debug|Any CPU
		{DA54764E-6C7C-43E1-BDDB-7F4EA43E3D31}.Debug|Any CPU.Build.0 = Debug|Any CPU
		{DA54764E-6C7C-43E1-BDDB-7F4EA43E3D31}.Release|Any CPU.ActiveCfg = Release|Any CPU
		{DA54764E-6C7C-43E1-BDDB-7F4EA43E3D31}.Release|Any CPU.Build.0 = Release|Any CPU
		{1C735D4C-571D-468D-B3C3-5BC339BAD4C2}.Debug|Any CPU.ActiveCfg = Debug|Any CPU
		{1C735D4C-571D-468D-B3C3-5BC339BAD4C2}.Debug|Any CPU.Build.0 = Debug|Any CPU
		{1C735D4C-571D-468D-B3C3-5BC339BAD4C2}.Release|Any CPU.ActiveCfg = Release|Any CPU
		{1C735D4C-571D-468D-B3C3-5BC339BAD4C2}.Release|Any CPU.Build.0 = Release|Any CPU
		{7C6EE561-EE91-4815-836B-19BBB1E937F0}.Debug|Any CPU.ActiveCfg = Debug|Any CPU
		{7C6EE561-EE91-4815-836B-19BBB1E937F0}.Debug|Any CPU.Build.0 = Debug|Any CPU
		{7C6EE561-EE91-4815-836B-19BBB1E937F0}.Release|Any CPU.ActiveCfg = Release|Any CPU
		{7C6EE561-EE91-4815-836B-19BBB1E937F0}.Release|Any CPU.Build.0 = Release|Any CPU
		{237B71DB-41FE-4E12-B2A0-1285C4B95C4D}.Debug|Any CPU.ActiveCfg = Debug|Any CPU
		{237B71DB-41FE-4E12-B2A0-1285C4B95C4D}.Debug|Any CPU.Build.0 = Debug|Any CPU
		{237B71DB-41FE-4E12-B2A0-1285C4B95C4D}.Release|Any CPU.ActiveCfg = Release|Any CPU
		{237B71DB-41FE-4E12-B2A0-1285C4B95C4D}.Release|Any CPU.Build.0 = Release|Any CPU
	EndGlobalSection
	GlobalSection(NestedProjects) = preSolution
		{99952483-50FD-41F3-8A6F-160F84C97E0B} = {38B8C034-B5C2-4C12-B4DA-5EA2D528F580}
		{77D2EA15-D9AA-4C4A-A22D-EC558FA057A6} = {0FF66333-6687-4EAE-BA9C-AD1BC26436D1}
		{B91B6A4A-6312-4E59-A716-58F027841319} = {0FF66333-6687-4EAE-BA9C-AD1BC26436D1}
		{965ADEE6-1909-4F2B-84C9-E13A2F5B5901} = {0FF66333-6687-4EAE-BA9C-AD1BC26436D1}
		{401234A6-C79F-49AC-8AFB-A5790D2A71C5} = {965ADEE6-1909-4F2B-84C9-E13A2F5B5901}
		{936EB8E9-5A1B-482F-BA22-F9B16DE36381} = {965ADEE6-1909-4F2B-84C9-E13A2F5B5901}
		{11016825-F9F2-4CFA-9051-14EA1546DCD8} = {965ADEE6-1909-4F2B-84C9-E13A2F5B5901}
		{BA31D8EA-D0C8-4B75-A027-D94D7C0BCCC6} = {058DDFEA-B1EB-43E4-9AB9-EB4E6BF93DA5}
		{5FE07B1A-57F7-46FC-AAB7-5C4CAF43A36C} = {BA31D8EA-D0C8-4B75-A027-D94D7C0BCCC6}
		{F2C62A59-9653-411A-A510-9DADF9C98491} = {BA31D8EA-D0C8-4B75-A027-D94D7C0BCCC6}
		{98AA4EBB-2E76-4FC3-B3D9-9CE880FBDC4B} = {BA31D8EA-D0C8-4B75-A027-D94D7C0BCCC6}
		{DC1D394A-0F8D-4504-9103-C3FA62B4BB71} = {058DDFEA-B1EB-43E4-9AB9-EB4E6BF93DA5}
		{CD6ACA71-55B4-4798-9666-85D81F1D4F9D} = {BA31D8EA-D0C8-4B75-A027-D94D7C0BCCC6}
		{8DF99CCC-E129-4E8E-8EB2-F8CD3A2B9F93} = {DC1D394A-0F8D-4504-9103-C3FA62B4BB71}
		{C733CFA6-B081-448A-8417-4E2F09C62041} = {38B8C034-B5C2-4C12-B4DA-5EA2D528F580}
		{DA54764E-6C7C-43E1-BDDB-7F4EA43E3D31} = {C733CFA6-B081-448A-8417-4E2F09C62041}
		{1C735D4C-571D-468D-B3C3-5BC339BAD4C2} = {DC1D394A-0F8D-4504-9103-C3FA62B4BB71}
		{7C6EE561-EE91-4815-836B-19BBB1E937F0} = {DC1D394A-0F8D-4504-9103-C3FA62B4BB71}
		{237B71DB-41FE-4E12-B2A0-1285C4B95C4D} = {38B8C034-B5C2-4C12-B4DA-5EA2D528F580}
	EndGlobalSection
EndGlobal
