
Microsoft Visual Studio Solution File, Format Version 12.00
Project("{FAE04EC0-301F-11D3-BF4B-00C04F79EFBC}") = "WebApiApplication", "WebApiApplication\WebApiApplication.csproj", "{99952483-50FD-41F3-8A6F-160F84C97E0B}"
EndProject
Project("{FAE04EC0-301F-11D3-BF4B-00C04F79EFBC}") = "BlazorServerApplication", "BlazorServerApplication\BlazorServerApplication.csproj", "{77D2EA15-D9AA-4C4A-A22D-EC558FA057A6}"
EndProject
Project("{FAE04EC0-301F-11D3-BF4B-00C04F79EFBC}") = "Application", "Application\Application.csproj", "{5FE07B1A-57F7-46FC-AAB7-5C4CAF43A36C}"
EndProject
Project("{2150E333-8FDC-42A3-9474-1A3956D46DE8}") = "2.Server", "2.Server", "{38B8C034-B5C2-4C12-B4DA-5EA2D528F580}"
EndProject
Project("{2150E333-8FDC-42A3-9474-1A3956D46DE8}") = "3.Client", "3.Client", "{0FF66333-6687-4EAE-BA9C-AD1BC26436D1}"
EndProject
Project("{FAE04EC0-301F-11D3-BF4B-00C04F79EFBC}") = "eXtensionSharp", "..\eXtensionSharp\src\eXtensionSharp.csproj", "{98AA4EBB-2E76-4FC3-B3D9-9CE880FBDC4B}"
EndProject
Project("{FAE04EC0-301F-11D3-BF4B-00C04F79EFBC}") = "BlazorWasmApplication", "BlazorWasmApplication\BlazorWasmApplication.csproj", "{B91B6A4A-6312-4E59-A716-58F027841319}"
EndProject
Project("{2150E333-8FDC-42A3-9474-1A3956D46DE8}") = "Share", "Share", "{965ADEE6-1909-4F2B-84C9-E13A2F5B5901}"
EndProject
Project("{FAE04EC0-301F-11D3-BF4B-00C04F79EFBC}") = "ClientApplication", "ClientApplication\ClientApplication.csproj", "{936EB8E9-5A1B-482F-BA22-F9B16DE36381}"
EndProject
Project("{2150E333-8FDC-42A3-9474-1A3956D46DE8}") = "1.Share", "1.Share", "{058DDFEA-B1EB-43E4-9AB9-EB4E6BF93DA5}"
EndProject
Project("{FAE04EC0-301F-11D3-BF4B-00C04F79EFBC}") = "Domain", "Domain\Domain.csproj", "{F2C62A59-9653-411A-A510-9DADF9C98491}"
EndProject
Project("{FAE04EC0-301F-11D3-BF4B-00C04F79EFBC}") = "Infrastructure", "Infrastructure\Infrastructure.csproj", "{CD6ACA71-55B4-4798-9666-85D81F1D4F9D}"
EndProject
Project("{2150E333-8FDC-42A3-9474-1A3956D46DE8}") = "Core", "Core", "{BA31D8EA-D0C8-4B75-A027-D94D7C0BCCC6}"
EndProject
Project("{FAE04EC0-301F-11D3-BF4B-00C04F79EFBC}") = "WeatherForecastService", "WeatherForecastService\WeatherForecastService.csproj", "{8DF99CCC-E129-4E8E-8EB2-F8CD3A2B9F93}"
EndProject
Project("{FAE04EC0-301F-11D3-BF4B-00C04F79EFBC}") = "WeatherForecastApiApplication", "WeatherForecastApiApplication\WeatherForecastApiApplication.csproj", "{DA54764E-6C7C-43E1-BDDB-7F4EA43E3D31}"
EndProject
Project("{2150E333-8FDC-42A3-9474-1A3956D46DE8}") = "2.Project Server", "2.Project Server", "{C733CFA6-B081-448A-8417-4E2F09C62041}"
EndProject
Project("{FAE04EC0-301F-11D3-BF4B-00C04F79EFBC}") = "HelloWorldService", "HelloWorldService\HelloWorldService.csproj", "{1C735D4C-571D-468D-B3C3-5BC339BAD4C2}"
EndProject
Project("{FAE04EC0-301F-11D3-BF4B-00C04F79EFBC}") = "TodoService", "TodoService\TodoService.csproj", "{7C6EE561-EE91-4815-836B-19BBB1E937F0}"
EndProject
Project("{FAE04EC0-301F-11D3-BF4B-00C04F79EFBC}") = "YarpWebApplication", "YarpWebApplication\YarpWebApplication.csproj", "{237B71DB-41FE-4E12-B2A0-1285C4B95C4D}"
EndProject
Project("{2150E333-8FDC-42A3-9474-1A3956D46DE8}") = "4.BackgroundApplication", "4.BackgroundApplication", "{FD5FCD18-1210-4C08-AFE0-E69AD9D47D6F}"
EndProject
Project("{FAE04EC0-301F-11D3-BF4B-00C04F79EFBC}") = "JUIControlService", "JUIControlService\JUIControlService.csproj", "{62836151-21D1-4D96-A695-C9D84F7C995D}"
EndProject
Project("{FAE04EC0-301F-11D3-BF4B-00C04F79EFBC}") = "WorkerApplication", "WorkerApplication\WorkerApplication.csproj", "{51658AD0-B084-4DDF-AA86-8DF8BC76C78F}"
EndProject
Project("{2150E333-8FDC-42A3-9474-1A3956D46DE8}") = "1.Service", "1.Service", "{F285567C-CBE5-4E2D-B3DA-DEF2B833D143}"
EndProject
Project("{2150E333-8FDC-42A3-9474-1A3956D46DE8}") = "0.Doc", "0.Doc", "{B143E24E-ED33-45A3-8CCD-49BC21319ABD}"
	ProjectSection(SolutionItems) = preProject
		README.md = README.md
	EndProjectSection
EndProject
Project("{2150E333-8FDC-42A3-9474-1A3956D46DE8}") = "3.Reserve Proxy", "3.Reserve Proxy", "{5D46F96E-1890-4F1C-959E-B431E8CDD475}"
EndProject
Project("{2150E333-8FDC-42A3-9474-1A3956D46DE8}") = "5.SampleApps", "5.SampleApps", "{A323044B-00C6-42CE-A4A6-B208A0E09C9C}"
EndProject
Project("{FAE04EC0-301F-11D3-BF4B-00C04F79EFBC}") = "UnsafeApp", "UnsafeApp\UnsafeApp.csproj", "{D87FCCE2-4C00-4E36-885B-DDC72B1850E0}"
EndProject
Project("{FAE04EC0-301F-11D3-BF4B-00C04F79EFBC}") = "FSWatcher", "FSWatcher\FSWatcher.csproj", "{5B5E8B8C-3D7B-4E78-BB4E-C5EB61E41450}"
EndProject
Global
	GlobalSection(SolutionConfigurationPlatforms) = preSolution
		Debug|Any CPU = Debug|Any CPU
		Release|Any CPU = Release|Any CPU
	EndGlobalSection
	GlobalSection(ProjectConfigurationPlatforms) = postSolution
		{99952483-50FD-41F3-8A6F-160F84C97E0B}.Debug|Any CPU.ActiveCfg = Debug|Any CPU
		{99952483-50FD-41F3-8A6F-160F84C97E0B}.Debug|Any CPU.Build.0 = Debug|Any CPU
		{99952483-50FD-41F3-8A6F-160F84C97E0B}.Release|Any CPU.ActiveCfg = Release|Any CPU
		{99952483-50FD-41F3-8A6F-160F84C97E0B}.Release|Any CPU.Build.0 = Release|Any CPU
		{77D2EA15-D9AA-4C4A-A22D-EC558FA057A6}.Debug|Any CPU.ActiveCfg = Debug|Any CPU
		{77D2EA15-D9AA-4C4A-A22D-EC558FA057A6}.Debug|Any CPU.Build.0 = Debug|Any CPU
		{77D2EA15-D9AA-4C4A-A22D-EC558FA057A6}.Release|Any CPU.ActiveCfg = Release|Any CPU
		{77D2EA15-D9AA-4C4A-A22D-EC558FA057A6}.Release|Any CPU.Build.0 = Release|Any CPU
		{5FE07B1A-57F7-46FC-AAB7-5C4CAF43A36C}.Debug|Any CPU.ActiveCfg = Debug|Any CPU
		{5FE07B1A-57F7-46FC-AAB7-5C4CAF43A36C}.Debug|Any CPU.Build.0 = Debug|Any CPU
		{5FE07B1A-57F7-46FC-AAB7-5C4CAF43A36C}.Release|Any CPU.ActiveCfg = Release|Any CPU
		{5FE07B1A-57F7-46FC-AAB7-5C4CAF43A36C}.Release|Any CPU.Build.0 = Release|Any CPU
		{98AA4EBB-2E76-4FC3-B3D9-9CE880FBDC4B}.Debug|Any CPU.ActiveCfg = Debug|Any CPU
		{98AA4EBB-2E76-4FC3-B3D9-9CE880FBDC4B}.Debug|Any CPU.Build.0 = Debug|Any CPU
		{98AA4EBB-2E76-4FC3-B3D9-9CE880FBDC4B}.Release|Any CPU.ActiveCfg = Release|Any CPU
		{98AA4EBB-2E76-4FC3-B3D9-9CE880FBDC4B}.Release|Any CPU.Build.0 = Release|Any CPU
		{B91B6A4A-6312-4E59-A716-58F027841319}.Debug|Any CPU.ActiveCfg = Debug|Any CPU
		{B91B6A4A-6312-4E59-A716-58F027841319}.Debug|Any CPU.Build.0 = Debug|Any CPU
		{B91B6A4A-6312-4E59-A716-58F027841319}.Release|Any CPU.ActiveCfg = Release|Any CPU
		{B91B6A4A-6312-4E59-A716-58F027841319}.Release|Any CPU.Build.0 = Release|Any CPU
		{936EB8E9-5A1B-482F-BA22-F9B16DE36381}.Debug|Any CPU.ActiveCfg = Debug|Any CPU
		{936EB8E9-5A1B-482F-BA22-F9B16DE36381}.Debug|Any CPU.Build.0 = Debug|Any CPU
		{936EB8E9-5A1B-482F-BA22-F9B16DE36381}.Release|Any CPU.ActiveCfg = Release|Any CPU
		{936EB8E9-5A1B-482F-BA22-F9B16DE36381}.Release|Any CPU.Build.0 = Release|Any CPU
		{F2C62A59-9653-411A-A510-9DADF9C98491}.Debug|Any CPU.ActiveCfg = Debug|Any CPU
		{F2C62A59-9653-411A-A510-9DADF9C98491}.Debug|Any CPU.Build.0 = Debug|Any CPU
		{F2C62A59-9653-411A-A510-9DADF9C98491}.Release|Any CPU.ActiveCfg = Release|Any CPU
		{F2C62A59-9653-411A-A510-9DADF9C98491}.Release|Any CPU.Build.0 = Release|Any CPU
		{CD6ACA71-55B4-4798-9666-85D81F1D4F9D}.Debug|Any CPU.ActiveCfg = Debug|Any CPU
		{CD6ACA71-55B4-4798-9666-85D81F1D4F9D}.Debug|Any CPU.Build.0 = Debug|Any CPU
		{CD6ACA71-55B4-4798-9666-85D81F1D4F9D}.Release|Any CPU.ActiveCfg = Release|Any CPU
		{CD6ACA71-55B4-4798-9666-85D81F1D4F9D}.Release|Any CPU.Build.0 = Release|Any CPU
		{8DF99CCC-E129-4E8E-8EB2-F8CD3A2B9F93}.Debug|Any CPU.ActiveCfg = Debug|Any CPU
		{8DF99CCC-E129-4E8E-8EB2-F8CD3A2B9F93}.Debug|Any CPU.Build.0 = Debug|Any CPU
		{8DF99CCC-E129-4E8E-8EB2-F8CD3A2B9F93}.Release|Any CPU.ActiveCfg = Release|Any CPU
		{8DF99CCC-E129-4E8E-8EB2-F8CD3A2B9F93}.Release|Any CPU.Build.0 = Release|Any CPU
		{DA54764E-6C7C-43E1-BDDB-7F4EA43E3D31}.Debug|Any CPU.ActiveCfg = Debug|Any CPU
		{DA54764E-6C7C-43E1-BDDB-7F4EA43E3D31}.Debug|Any CPU.Build.0 = Debug|Any CPU
		{DA54764E-6C7C-43E1-BDDB-7F4EA43E3D31}.Release|Any CPU.ActiveCfg = Release|Any CPU
		{DA54764E-6C7C-43E1-BDDB-7F4EA43E3D31}.Release|Any CPU.Build.0 = Release|Any CPU
		{1C735D4C-571D-468D-B3C3-5BC339BAD4C2}.Debug|Any CPU.ActiveCfg = Debug|Any CPU
		{1C735D4C-571D-468D-B3C3-5BC339BAD4C2}.Debug|Any CPU.Build.0 = Debug|Any CPU
		{1C735D4C-571D-468D-B3C3-5BC339BAD4C2}.Release|Any CPU.ActiveCfg = Release|Any CPU
		{1C735D4C-571D-468D-B3C3-5BC339BAD4C2}.Release|Any CPU.Build.0 = Release|Any CPU
		{7C6EE561-EE91-4815-836B-19BBB1E937F0}.Debug|Any CPU.ActiveCfg = Debug|Any CPU
		{7C6EE561-EE91-4815-836B-19BBB1E937F0}.Debug|Any CPU.Build.0 = Debug|Any CPU
		{7C6EE561-EE91-4815-836B-19BBB1E937F0}.Release|Any CPU.ActiveCfg = Release|Any CPU
		{7C6EE561-EE91-4815-836B-19BBB1E937F0}.Release|Any CPU.Build.0 = Release|Any CPU
		{237B71DB-41FE-4E12-B2A0-1285C4B95C4D}.Debug|Any CPU.ActiveCfg = Debug|Any CPU
		{237B71DB-41FE-4E12-B2A0-1285C4B95C4D}.Debug|Any CPU.Build.0 = Debug|Any CPU
		{237B71DB-41FE-4E12-B2A0-1285C4B95C4D}.Release|Any CPU.ActiveCfg = Release|Any CPU
		{237B71DB-41FE-4E12-B2A0-1285C4B95C4D}.Release|Any CPU.Build.0 = Release|Any CPU
		{62836151-21D1-4D96-A695-C9D84F7C995D}.Debug|Any CPU.ActiveCfg = Debug|Any CPU
		{62836151-21D1-4D96-A695-C9D84F7C995D}.Debug|Any CPU.Build.0 = Debug|Any CPU
		{62836151-21D1-4D96-A695-C9D84F7C995D}.Release|Any CPU.ActiveCfg = Release|Any CPU
		{62836151-21D1-4D96-A695-C9D84F7C995D}.Release|Any CPU.Build.0 = Release|Any CPU
		{51658AD0-B084-4DDF-AA86-8DF8BC76C78F}.Debug|Any CPU.ActiveCfg = Debug|Any CPU
		{51658AD0-B084-4DDF-AA86-8DF8BC76C78F}.Debug|Any CPU.Build.0 = Debug|Any CPU
		{51658AD0-B084-4DDF-AA86-8DF8BC76C78F}.Release|Any CPU.ActiveCfg = Release|Any CPU
		{51658AD0-B084-4DDF-AA86-8DF8BC76C78F}.Release|Any CPU.Build.0 = Release|Any CPU
		{D87FCCE2-4C00-4E36-885B-DDC72B1850E0}.Debug|Any CPU.ActiveCfg = Debug|Any CPU
		{D87FCCE2-4C00-4E36-885B-DDC72B1850E0}.Debug|Any CPU.Build.0 = Debug|Any CPU
		{D87FCCE2-4C00-4E36-885B-DDC72B1850E0}.Release|Any CPU.ActiveCfg = Release|Any CPU
		{D87FCCE2-4C00-4E36-885B-DDC72B1850E0}.Release|Any CPU.Build.0 = Release|Any CPU
		{5B5E8B8C-3D7B-4E78-BB4E-C5EB61E41450}.Debug|Any CPU.ActiveCfg = Debug|Any CPU
		{5B5E8B8C-3D7B-4E78-BB4E-C5EB61E41450}.Debug|Any CPU.Build.0 = Debug|Any CPU
		{5B5E8B8C-3D7B-4E78-BB4E-C5EB61E41450}.Release|Any CPU.ActiveCfg = Release|Any CPU
		{5B5E8B8C-3D7B-4E78-BB4E-C5EB61E41450}.Release|Any CPU.Build.0 = Release|Any CPU
	EndGlobalSection
	GlobalSection(NestedProjects) = preSolution
		{99952483-50FD-41F3-8A6F-160F84C97E0B} = {38B8C034-B5C2-4C12-B4DA-5EA2D528F580}
		{77D2EA15-D9AA-4C4A-A22D-EC558FA057A6} = {0FF66333-6687-4EAE-BA9C-AD1BC26436D1}
		{B91B6A4A-6312-4E59-A716-58F027841319} = {0FF66333-6687-4EAE-BA9C-AD1BC26436D1}
		{965ADEE6-1909-4F2B-84C9-E13A2F5B5901} = {0FF66333-6687-4EAE-BA9C-AD1BC26436D1}
		{936EB8E9-5A1B-482F-BA22-F9B16DE36381} = {965ADEE6-1909-4F2B-84C9-E13A2F5B5901}
		{BA31D8EA-D0C8-4B75-A027-D94D7C0BCCC6} = {058DDFEA-B1EB-43E4-9AB9-EB4E6BF93DA5}
		{5FE07B1A-57F7-46FC-AAB7-5C4CAF43A36C} = {BA31D8EA-D0C8-4B75-A027-D94D7C0BCCC6}
		{F2C62A59-9653-411A-A510-9DADF9C98491} = {BA31D8EA-D0C8-4B75-A027-D94D7C0BCCC6}
		{98AA4EBB-2E76-4FC3-B3D9-9CE880FBDC4B} = {BA31D8EA-D0C8-4B75-A027-D94D7C0BCCC6}
		{CD6ACA71-55B4-4798-9666-85D81F1D4F9D} = {BA31D8EA-D0C8-4B75-A027-D94D7C0BCCC6}
		{C733CFA6-B081-448A-8417-4E2F09C62041} = {38B8C034-B5C2-4C12-B4DA-5EA2D528F580}
		{DA54764E-6C7C-43E1-BDDB-7F4EA43E3D31} = {C733CFA6-B081-448A-8417-4E2F09C62041}
		{51658AD0-B084-4DDF-AA86-8DF8BC76C78F} = {FD5FCD18-1210-4C08-AFE0-E69AD9D47D6F}
		{F285567C-CBE5-4E2D-B3DA-DEF2B833D143} = {38B8C034-B5C2-4C12-B4DA-5EA2D528F580}
		{1C735D4C-571D-468D-B3C3-5BC339BAD4C2} = {F285567C-CBE5-4E2D-B3DA-DEF2B833D143}
		{62836151-21D1-4D96-A695-C9D84F7C995D} = {F285567C-CBE5-4E2D-B3DA-DEF2B833D143}
		{7C6EE561-EE91-4815-836B-19BBB1E937F0} = {F285567C-CBE5-4E2D-B3DA-DEF2B833D143}
		{8DF99CCC-E129-4E8E-8EB2-F8CD3A2B9F93} = {F285567C-CBE5-4E2D-B3DA-DEF2B833D143}
		{B143E24E-ED33-45A3-8CCD-49BC21319ABD} = {38B8C034-B5C2-4C12-B4DA-5EA2D528F580}
		{5D46F96E-1890-4F1C-959E-B431E8CDD475} = {38B8C034-B5C2-4C12-B4DA-5EA2D528F580}
		{237B71DB-41FE-4E12-B2A0-1285C4B95C4D} = {5D46F96E-1890-4F1C-959E-B431E8CDD475}
		{D87FCCE2-4C00-4E36-885B-DDC72B1850E0} = {A323044B-00C6-42CE-A4A6-B208A0E09C9C}
		{5B5E8B8C-3D7B-4E78-BB4E-C5EB61E41450} = {A323044B-00C6-42CE-A4A6-B208A0E09C9C}
	EndGlobalSection
EndGlobal
