
Microsoft Visual Studio Solution File, Format Version 12.00
# Visual Studio Version 17
VisualStudioVersion = 17.0.31717.71
MinimumVisualStudioVersion = 10.0.40219.1
Project("{9A19103F-16F7-4668-BE54-9A1E7A4F7556}") = "MudBlazorApplication", "MudBlazorApplication.csproj", "{25DEEF35-B500-4DC7-8779-CAFD75B3A08B}"
EndProject
Global
	GlobalSection(SolutionConfigurationPlatforms) = preSolution
		Debug|Any CPU = Debug|Any CPU
		Release|Any CPU = Release|Any CPU
	EndGlobalSection
	GlobalSection(ProjectConfigurationPlatforms) = postSolution
		{25DEEF35-B500-4DC7-8779-CAFD75B3A08B}.Debug|Any CPU.ActiveCfg = Debug|Any CPU
		{25DEEF35-B500-4DC7-8779-CAFD75B3A08B}.Debug|Any CPU.Build.0 = Debug|Any CPU
		{25DEEF35-B500-4DC7-8779-CAFD75B3A08B}.Release|Any CPU.ActiveCfg = Release|Any CPU
		{25DEEF35-B500-4DC7-8779-CAFD75B3A08B}.Release|Any CPU.Build.0 = Release|Any CPU
	EndGlobalSection
	GlobalSection(SolutionProperties) = preSolution
		HideSolutionNode = FALSE
	EndGlobalSection
	GlobalSection(ExtensibilityGlobals) = postSolution
		SolutionGuid = {5E78E7DF-3E0B-4EA7-BF78-909E4DA2EDF8}
	EndGlobalSection
EndGlobal