
Microsoft Visual Studio Solution File, Format Version 12.00
# Visual Studio Version 17
VisualStudioVersion = 17.2.32505.173
MinimumVisualStudioVersion = 10.0.40219.1
Project("{FAE04EC0-301F-11D3-BF4B-00C04F79EFBC}") = "SimpleRecorderWpf", "SimpleRecorderWpf.csproj", "{17079F1C-47B1-4508-AAD2-F185D23C69DC}"
EndProject
Global
	GlobalSection(SolutionConfigurationPlatforms) = preSolution
		Debug|Any CPU = Debug|Any CPU
		Release|Any CPU = Release|Any CPU
	EndGlobalSection
	GlobalSection(ProjectConfigurationPlatforms) = postSolution
		{17079F1C-47B1-4508-AAD2-F185D23C69DC}.Debug|Any CPU.ActiveCfg = Debug|Any CPU
		{17079F1C-47B1-4508-AAD2-F185D23C69DC}.Debug|Any CPU.Build.0 = Debug|Any CPU
		{17079F1C-47B1-4508-AAD2-F185D23C69DC}.Release|Any CPU.ActiveCfg = Release|Any CPU
		{17079F1C-47B1-4508-AAD2-F185D23C69DC}.Release|Any CPU.Build.0 = Release|Any CPU
	EndGlobalSection
	GlobalSection(SolutionProperties) = preSolution
		HideSolutionNode = FALSE
	EndGlobalSection
	GlobalSection(ExtensibilityGlobals) = postSolution
		SolutionGuid = {A31E326E-B0F9-49E3-BF83-28E1420BB948}
	EndGlobalSection
EndGlobal
